// !$*UTF8*$!
{
	archiveVersion = 1;
	classes = {
	};
	objectVersion = 77;
	objects = {

/* Begin PBXContainerItemProxy section */
		D86AE3F92E03DAED001B6F11 /* PBXContainerItemProxy */ = {
			isa = PBXContainerItemProxy;
			containerPortal = D86AE3E32E03DAEB001B6F11 /* Project object */;
			proxyType = 1;
			remoteGlobalIDString = D86AE3EA2E03DAEB001B6F11;
			remoteInfo = FruitGameApp;
		};
		D86AE4032E03DAED001B6F11 /* PBXContainerItemProxy */ = {
			isa = PBXContainerItemProxy;
			containerPortal = D86AE3E32E03DAEB001B6F11 /* Project object */;
			proxyType = 1;
			remoteGlobalIDString = D86AE3EA2E03DAEB001B6F11;
			remoteInfo = FruitGameApp;
		};
/* End PBXContainerItemProxy section */

/* Begin PBXFileReference section */
		D86AE3EB2E03DAEB001B6F11 /* BunnyGame.app */ = {isa = PBXFileReference; explicitFileType = wrapper.application; includeInIndex = 0; path = BunnyGame.app; sourceTree = BUILT_PRODUCTS_DIR; };
		D86AE3F82E03DAED001B6F11 /* BunnyGameTests.xctest */ = {isa = PBXFileReference; explicitFileType = wrapper.cfbundle; includeInIndex = 0; path = BunnyGameTests.xctest; sourceTree = BUILT_PRODUCTS_DIR; };
		D86AE4022E03DAED001B6F11 /* BunnyGameUITests.xctest */ = {isa = PBXFileReference; explicitFileType = wrapper.cfbundle; includeInIndex = 0; path = BunnyGameUITests.xctest; sourceTree = BUILT_PRODUCTS_DIR; };
/* End PBXFileReference section */

/* Begin PBXFileSystemSynchronizedRootGroup section */
		D86AE3ED2E03DAEB001B6F11 /* BunnyGameApp */ = {
			isa = PBXFileSystemSynchronizedRootGroup;
			path = BunnyGameApp;
			sourceTree = "<group>";
		};
		D86AE3FB2E03DAED001B6F11 /* BunnyGameAppTests */ = {
			isa = PBXFileSystemSynchronizedRootGroup;
			path = BunnyGameAppTests;
			sourceTree = "<group>";
		};
		D86AE4052E03DAED001B6F11 /* BunnyGameAppUITests */ = {
			isa = PBXFileSystemSynchronizedRootGroup;
			path = BunnyGameAppUITests;
			sourceTree = "<group>";
		};
/* End PBXFileSystemSynchronizedRootGroup section */

/* Begin PBXFrameworksBuildPhase section */
		D86AE3E82E03DAEB001B6F11 /* Frameworks */ = {
			isa = PBXFrameworksBuildPhase;
			buildActionMask = 2147483647;
			files = (
			);
			runOnlyForDeploymentPostprocessing = 0;
		};
		D86AE3F52E03DAED001B6F11 /* Frameworks */ = {
			isa = PBXFrameworksBuildPhase;
			buildActionMask = 2147483647;
			files = (
			);
			runOnlyForDeploymentPostprocessing = 0;
		};
		D86AE3FF2E03DAED001B6F11 /* Frameworks */ = {
			isa = PBXFrameworksBuildPhase;
			buildActionMask = 2147483647;
			files = (
			);
			runOnlyForDeploymentPostprocessing = 0;
		};
/* End PBXFrameworksBuildPhase section */

/* Begin PBXGroup section */
		D86AE3E22E03DAEB001B6F11 = {
			isa = PBXGroup;
			children = (
				D86AE3ED2E03DAEB001B6F11 /* BunnyGameApp */,
				D86AE3FB2E03DAED001B6F11 /* BunnyGameAppTests */,
				D86AE4052E03DAED001B6F11 /* BunnyGameAppUITests */,
				D86AE3EC2E03DAEB001B6F11 /* Products */,
			);
			sourceTree = "<group>";
		};
		D86AE3EC2E03DAEB001B6F11 /* Products */ = {
			isa = PBXGroup;
			children = (
				D86AE3EB2E03DAEB001B6F11 /* BunnyGame.app */,
				D86AE3F82E03DAED001B6F11 /* BunnyGameTests.xctest */,
				D86AE4022E03DAED001B6F11 /* BunnyGameUITests.xctest */,
			);
			name = Products;
			sourceTree = "<group>";
		};
/* End PBXGroup section */

/* Begin PBXNativeTarget section */
		D86AE3EA2E03DAEB001B6F11 /* BunnyGame */ = {
			isa = PBXNativeTarget;
			buildConfigurationList = D86AE40C2E03DAED001B6F11 /* Build configuration list for PBXNativeTarget "BunnyGame" */;
			buildPhases = (
				D86AE3E72E03DAEB001B6F11 /* Sources */,
				D86AE3E82E03DAEB001B6F11 /* Frameworks */,
				D86AE3E92E03DAEB001B6F11 /* Resources */,
			);
			buildRules = (
			);
			dependencies = (
			);
			fileSystemSynchronizedGroups = (
				D86AE3ED2E03DAEB001B6F11 /* BunnyGameApp */,
			);
			name = BunnyGame;
			packageProductDependencies = (
			);
			productName = FruitGameApp;
			productReference = D86AE3EB2E03DAEB001B6F11 /* BunnyGame.app */;
			productType = "com.apple.product-type.application";
		};
		D86AE3F72E03DAED001B6F11 /* BunnyGameTests */ = {
			isa = PBXNativeTarget;
			buildConfigurationList = D86AE40F2E03DAED001B6F11 /* Build configuration list for PBXNativeTarget "BunnyGameTests" */;
			buildPhases = (
				D86AE3F42E03DAED001B6F11 /* Sources */,
				D86AE3F52E03DAED001B6F11 /* Frameworks */,
				D86AE3F62E03DAED001B6F11 /* Resources */,
			);
			buildRules = (
			);
			dependencies = (
				D86AE3FA2E03DAED001B6F11 /* PBXTargetDependency */,
			);
			fileSystemSynchronizedGroups = (
				D86AE3FB2E03DAED001B6F11 /* BunnyGameAppTests */,
			);
			name = BunnyGameTests;
			packageProductDependencies = (
			);
			productName = FruitGameAppTests;
			productReference = D86AE3F82E03DAED001B6F11 /* BunnyGameTests.xctest */;
			productType = "com.apple.product-type.bundle.unit-test";
		};
		D86AE4012E03DAED001B6F11 /* BunnyGameUITests */ = {
			isa = PBXNativeTarget;
			buildConfigurationList = D86AE4122E03DAED001B6F11 /* Build configuration list for PBXNativeTarget "BunnyGameUITests" */;
			buildPhases = (
				D86AE3FE2E03DAED001B6F11 /* Sources */,
				D86AE3FF2E03DAED001B6F11 /* Frameworks */,
				D86AE4002E03DAED001B6F11 /* Resources */,
			);
			buildRules = (
			);
			dependencies = (
				D86AE4042E03DAED001B6F11 /* PBXTargetDependency */,
			);
			fileSystemSynchronizedGroups = (
				D86AE4052E03DAED001B6F11 /* BunnyGameAppUITests */,
			);
			name = BunnyGameUITests;
			packageProductDependencies = (
			);
			productName = FruitGameAppUITests;
			productReference = D86AE4022E03DAED001B6F11 /* BunnyGameUITests.xctest */;
			productType = "com.apple.product-type.bundle.ui-testing";
		};
/* End PBXNativeTarget section */

/* Begin PBXProject section */
		D86AE3E32E03DAEB001B6F11 /* Project object */ = {
			isa = PBXProject;
			attributes = {
				BuildIndependentTargetsInParallel = 1;
				LastSwiftUpdateCheck = 1630;
				LastUpgradeCheck = 1630;
				TargetAttributes = {
					D86AE3EA2E03DAEB001B6F11 = {
						CreatedOnToolsVersion = 16.3;
					};
					D86AE3F72E03DAED001B6F11 = {
						CreatedOnToolsVersion = 16.3;
						TestTargetID = D86AE3EA2E03DAEB001B6F11;
					};
					D86AE4012E03DAED001B6F11 = {
						CreatedOnToolsVersion = 16.3;
						TestTargetID = D86AE3EA2E03DAEB001B6F11;
					};
				};
			};
			buildConfigurationList = D86AE3E62E03DAEB001B6F11 /* Build configuration list for PBXProject "BunnyGame" */;
			developmentRegion = en;
			hasScannedForEncodings = 0;
			knownRegions = (
				en,
				Base,
			);
			mainGroup = D86AE3E22E03DAEB001B6F11;
			minimizedProjectReferenceProxies = 1;
			preferredProjectObjectVersion = 77;
			productRefGroup = D86AE3EC2E03DAEB001B6F11 /* Products */;
			projectDirPath = "";
			projectRoot = "";
			targets = (
				D86AE3EA2E03DAEB001B6F11 /* BunnyGame */,
				D86AE3F72E03DAED001B6F11 /* BunnyGameTests */,
				D86AE4012E03DAED001B6F11 /* BunnyGameUITests */,
			);
		};
/* End PBXProject section */

/* Begin PBXResourcesBuildPhase section */
		D86AE3E92E03DAEB001B6F11 /* Resources */ = {
			isa = PBXResourcesBuildPhase;
			buildActionMask = 2147483647;
			files = (
			);
			runOnlyForDeploymentPostprocessing = 0;
		};
		D86AE3F62E03DAED001B6F11 /* Resources */ = {
			isa = PBXResourcesBuildPhase;
			buildActionMask = 2147483647;
			files = (
			);
			runOnlyForDeploymentPostprocessing = 0;
		};
		D86AE4002E03DAED001B6F11 /* Resources */ = {
			isa = PBXResourcesBuildPhase;
			buildActionMask = 2147483647;
			files = (
			);
			runOnlyForDeploymentPostprocessing = 0;
		};
/* End PBXResourcesBuildPhase section */

/* Begin PBXSourcesBuildPhase section */
		D86AE3E72E03DAEB001B6F11 /* Sources */ = {
			isa = PBXSourcesBuildPhase;
			buildActionMask = 2147483647;
			files = (
			);
			runOnlyForDeploymentPostprocessing = 0;
		};
		D86AE3F42E03DAED001B6F11 /* Sources */ = {
			isa = PBXSourcesBuildPhase;
			buildActionMask = 2147483647;
			files = (
			);
			runOnlyForDeploymentPostprocessing = 0;
		};
		D86AE3FE2E03DAED001B6F11 /* Sources */ = {
			isa = PBXSourcesBuildPhase;
			buildActionMask = 2147483647;
			files = (
			);
			runOnlyForDeploymentPostprocessing = 0;
		};
/* End PBXSourcesBuildPhase section */

/* Begin PBXTargetDependency section */
		D86AE3FA2E03DAED001B6F11 /* PBXTargetDependency */ = {
			isa = PBXTargetDependency;
			target = D86AE3EA2E03DAEB001B6F11 /* BunnyGame */;
			targetProxy = D86AE3F92E03DAED001B6F11 /* PBXContainerItemProxy */;
		};
		D86AE4042E03DAED001B6F11 /* PBXTargetDependency */ = {
			isa = PBXTargetDependency;
			target = D86AE3EA2E03DAEB001B6F11 /* BunnyGame */;
			targetProxy = D86AE4032E03DAED001B6F11 /* PBXContainerItemProxy */;
		};
/* End PBXTargetDependency section */

/* Begin XCBuildConfiguration section */
		D86AE40A2E03DAED001B6F11 /* Debug */ = {
			isa = XCBuildConfiguration;
			buildSettings = {
				ALWAYS_SEARCH_USER_PATHS = NO;
				ASSETCATALOG_COMPILER_GENERATE_SWIFT_ASSET_SYMBOL_EXTENSIONS = YES;
				CLANG_ANALYZER_NONNULL = YES;
				CLANG_ANALYZER_NUMBER_OBJECT_CONVERSION = YES_AGGRESSIVE;
				CLANG_CXX_LANGUAGE_STANDARD = "gnu++20";
				CLANG_ENABLE_MODULES = YES;
				CLANG_ENABLE_OBJC_ARC = YES;
				CLANG_ENABLE_OBJC_WEAK = YES;
				CLANG_WARN_BLOCK_CAPTURE_AUTORELEASING = YES;
				CLANG_WARN_BOOL_CONVERSION = YES;
				CLANG_WARN_COMMA = YES;
				CLANG_WARN_CONSTANT_CONVERSION = YES;
				CLANG_WARN_DEPRECATED_OBJC_IMPLEMENTATIONS = YES;
				CLANG_WARN_DIRECT_OBJC_ISA_USAGE = YES_ERROR;
				CLANG_WARN_DOCUMENTATION_COMMENTS = YES;
				CLANG_WARN_EMPTY_BODY = YES;
				CLANG_WARN_ENUM_CONVERSION = YES;
				CLANG_WARN_INFINITE_RECURSION = YES;
				CLANG_WARN_INT_CONVERSION = YES;
				CLANG_WARN_NON_LITERAL_NULL_CONVERSION = YES;
				CLANG_WARN_OBJC_IMPLICIT_RETAIN_SELF = YES;
				CLANG_WARN_OBJC_LITERAL_CONVERSION = YES;
				CLANG_WARN_OBJC_ROOT_CLASS = YES_ERROR;
				CLANG_WARN_QUOTED_INCLUDE_IN_FRAMEWORK_HEADER = YES;
				CLANG_WARN_RANGE_LOOP_ANALYSIS = YES;
				CLANG_WARN_STRICT_PROTOTYPES = YES;
				CLANG_WARN_SUSPICIOUS_MOVE = YES;
				CLANG_WARN_UNGUARDED_AVAILABILITY = YES_AGGRESSIVE;
				CLANG_WARN_UNREACHABLE_CODE = YES;
				CLANG_WARN__DUPLICATE_METHOD_MATCH = YES;
				COPY_PHASE_STRIP = NO;
				DEBUG_INFORMATION_FORMAT = dwarf;
				DEVELOPMENT_TEAM = FVB483SFK8;
				ENABLE_STRICT_OBJC_MSGSEND = YES;
				ENABLE_TESTABILITY = YES;
				ENABLE_USER_SCRIPT_SANDBOXING = YES;
				GCC_C_LANGUAGE_STANDARD = gnu17;
				GCC_DYNAMIC_NO_PIC = NO;
				GCC_NO_COMMON_BLOCKS = YES;
				GCC_OPTIMIZATION_LEVEL = 0;
				GCC_PREPROCESSOR_DEFINITIONS = (
					"DEBUG=1",
					"$(inherited)",
				);
				GCC_WARN_64_TO_32_BIT_CONVERSION = YES;
				GCC_WARN_ABOUT_RETURN_TYPE = YES_ERROR;
				GCC_WARN_UNDECLARED_SELECTOR = YES;
				GCC_WARN_UNINITIALIZED_AUTOS = YES_AGGRESSIVE;
				GCC_WARN_UNUSED_FUNCTION = YES;
				GCC_WARN_UNUSED_VARIABLE = YES;
				IPHONEOS_DEPLOYMENT_TARGET = 18.4;
				LOCALIZATION_PREFERS_STRING_CATALOGS = YES;
				MTL_ENABLE_DEBUG_INFO = INCLUDE_SOURCE;
				MTL_FAST_MATH = YES;
				ONLY_ACTIVE_ARCH = YES;
				SDKROOT = iphoneos;
				SWIFT_ACTIVE_COMPILATION_CONDITIONS = "DEBUG $(inherited)";
				SWIFT_OPTIMIZATION_LEVEL = "-Onone";
			};
			name = Debug;
		};
		D86AE40B2E03DAED001B6F11 /* Release */ = {
			isa = XCBuildConfiguration;
			buildSettings = {
				ALWAYS_SEARCH_USER_PATHS = NO;
				ASSETCATALOG_COMPILER_GENERATE_SWIFT_ASSET_SYMBOL_EXTENSIONS = YES;
				CLANG_ANALYZER_NONNULL = YES;
				CLANG_ANALYZER_NUMBER_OBJECT_CONVERSION = YES_AGGRESSIVE;
				CLANG_CXX_LANGUAGE_STANDARD = "gnu++20";
				CLANG_ENABLE_MODULES = YES;
				CLANG_ENABLE_OBJC_ARC = YES;
				CLANG_ENABLE_OBJC_WEAK = YES;
				CLANG_WARN_BLOCK_CAPTURE_AUTORELEASING = YES;
				CLANG_WARN_BOOL_CONVERSION = YES;
				CLANG_WARN_COMMA = YES;
				CLANG_WARN_CONSTANT_CONVERSION = YES;
				CLANG_WARN_DEPRECATED_OBJC_IMPLEMENTATIONS = YES;
				CLANG_WARN_DIRECT_OBJC_ISA_USAGE = YES_ERROR;
				CLANG_WARN_DOCUMENTATION_COMMENTS = YES;
				CLANG_WARN_EMPTY_BODY = YES;
				CLANG_WARN_ENUM_CONVERSION = YES;
				CLANG_WARN_INFINITE_RECURSION = YES;
				CLANG_WARN_INT_CONVERSION = YES;
				CLANG_WARN_NON_LITERAL_NULL_CONVERSION = YES;
				CLANG_WARN_OBJC_IMPLICIT_RETAIN_SELF = YES;
				CLANG_WARN_OBJC_LITERAL_CONVERSION = YES;
				CLANG_WARN_OBJC_ROOT_CLASS = YES_ERROR;
				CLANG_WARN_QUOTED_INCLUDE_IN_FRAMEWORK_HEADER = YES;
				CLANG_WARN_RANGE_LOOP_ANALYSIS = YES;
				CLANG_WARN_STRICT_PROTOTYPES = YES;
				CLANG_WARN_SUSPICIOUS_MOVE = YES;
				CLANG_WARN_UNGUARDED_AVAILABILITY = YES_AGGRESSIVE;
				CLANG_WARN_UNREACHABLE_CODE = YES;
				CLANG_WARN__DUPLICATE_METHOD_MATCH = YES;
				COPY_PHASE_STRIP = NO;
				DEBUG_INFORMATION_FORMAT = "dwarf-with-dsym";
				DEVELOPMENT_TEAM = FVB483SFK8;
				ENABLE_NS_ASSERTIONS = NO;
				ENABLE_STRICT_OBJC_MSGSEND = YES;
				ENABLE_USER_SCRIPT_SANDBOXING = YES;
				GCC_C_LANGUAGE_STANDARD = gnu17;
				GCC_NO_COMMON_BLOCKS = YES;
				GCC_WARN_64_TO_32_BIT_CONVERSION = YES;
				GCC_WARN_ABOUT_RETURN_TYPE = YES_ERROR;
				GCC_WARN_UNDECLARED_SELECTOR = YES;
				GCC_WARN_UNINITIALIZED_AUTOS = YES_AGGRESSIVE;
				GCC_WARN_UNUSED_FUNCTION = YES;
				GCC_WARN_UNUSED_VARIABLE = YES;
				IPHONEOS_DEPLOYMENT_TARGET = 18.4;
				LOCALIZATION_PREFERS_STRING_CATALOGS = YES;
				MTL_ENABLE_DEBUG_INFO = NO;
				MTL_FAST_MATH = YES;
				SDKROOT = iphoneos;
				SWIFT_COMPILATION_MODE = wholemodule;
				VALIDATE_PRODUCT = YES;
			};
			name = Release;
		};
		D86AE40D2E03DAED001B6F11 /* Debug */ = {
			isa = XCBuildConfiguration;
			buildSettings = {
				ASSETCATALOG_COMPILER_APPICON_NAME = AppIcon;
				ASSETCATALOG_COMPILER_GLOBAL_ACCENT_COLOR_NAME = AccentColor;
				CODE_SIGN_STYLE = Automatic;
				CURRENT_PROJECT_VERSION = 4;
				DEVELOPMENT_TEAM = FVB483SFK8;
				ENABLE_PREVIEWS = YES;
				GENERATE_INFOPLIST_FILE = YES;
				INFOPLIST_KEY_LSApplicationCategoryType = "public.app-category.kids-games";
				INFOPLIST_KEY_UIApplicationSceneManifest_Generation = YES;
				INFOPLIST_KEY_UIApplicationSupportsIndirectInputEvents = YES;
				INFOPLIST_KEY_UILaunchScreen_Generation = YES;
				INFOPLIST_KEY_UISupportedInterfaceOrientations_iPad = "UIInterfaceOrientationPortrait UIInterfaceOrientationPortraitUpsideDown UIInterfaceOrientationLandscapeLeft UIInterfaceOrientationLandscapeRight";
				INFOPLIST_KEY_UISupportedInterfaceOrientations_iPhone = "UIInterfaceOrientationPortrait UIInterfaceOrientationLandscapeLeft UIInterfaceOrientationLandscapeRight";
				LD_RUNPATH_SEARCH_PATHS = (
					"$(inherited)",
					"@executable_path/Frameworks",
				);
				MARKETING_VERSION = 4.0;
				PRODUCT_BUNDLE_IDENTIFIER = com.infobee.BunnyGameApp;
				PRODUCT_NAME = "$(TARGET_NAME)";
				SUPPORTED_PLATFORMS = "iphoneos iphonesimulator";
				SUPPORTS_MACCATALYST = NO;
				SUPPORTS_MAC_DESIGNED_FOR_IPHONE_IPAD = NO;
				SUPPORTS_XR_DESIGNED_FOR_IPHONE_IPAD = NO;
				SWIFT_EMIT_LOC_STRINGS = YES;
				SWIFT_VERSION = 5.0;
				TARGETED_DEVICE_FAMILY = 1;
			};
			name = Debug;
		};
		D86AE40E2E03DAED001B6F11 /* Release */ = {
			isa = XCBuildConfiguration;
			buildSettings = {
				ASSETCATALOG_COMPILER_APPICON_NAME = AppIcon;
				ASSETCATALOG_COMPILER_GLOBAL_ACCENT_COLOR_NAME = AccentColor;
				CODE_SIGN_STYLE = Automatic;
				CURRENT_PROJECT_VERSION = 4;
				DEVELOPMENT_TEAM = FVB483SFK8;
				ENABLE_PREVIEWS = YES;
				GENERATE_INFOPLIST_FILE = YES;
				INFOPLIST_KEY_LSApplicationCategoryType = "public.app-category.kids-games";
				INFOPLIST_KEY_UIApplicationSceneManifest_Generation = YES;
				INFOPLIST_KEY_UIApplicationSupportsIndirectInputEvents = YES;
				INFOPLIST_KEY_UILaunchScreen_Generation = YES;
				INFOPLIST_KEY_UISupportedInterfaceOrientations_iPad = "UIInterfaceOrientationPortrait UIInterfaceOrientationPortraitUpsideDown UIInterfaceOrientationLandscapeLeft UIInterfaceOrientationLandscapeRight";
				INFOPLIST_KEY_UISupportedInterfaceOrientations_iPhone = "UIInterfaceOrientationPortrait UIInterfaceOrientationLandscapeLeft UIInterfaceOrientationLandscapeRight";
				LD_RUNPATH_SEARCH_PATHS = (
					"$(inherited)",
					"@executable_path/Frameworks",
				);
				MARKETING_VERSION = 4.0;
				PRODUCT_BUNDLE_IDENTIFIER = com.infobee.BunnyGameApp;
				PRODUCT_NAME = "$(TARGET_NAME)";
				SUPPORTED_PLATFORMS = "iphoneos iphonesimulator";
				SUPPORTS_MACCATALYST = NO;
				SUPPORTS_MAC_DESIGNED_FOR_IPHONE_IPAD = NO;
				SUPPORTS_XR_DESIGNED_FOR_IPHONE_IPAD = NO;
				SWIFT_EMIT_LOC_STRINGS = YES;
				SWIFT_VERSION = 5.0;
				TARGETED_DEVICE_FAMILY = 1;
			};
			name = Release;
		};
		D86AE4102E03DAED001B6F11 /* Debug */ = {
			isa = XCBuildConfiguration;
			buildSettings = {
				BUNDLE_LOADER = "$(TEST_HOST)";
				CODE_SIGN_STYLE = Automatic;
				CURRENT_PROJECT_VERSION = 1;
				DEVELOPMENT_TEAM = FVB483SFK8;
				GENERATE_INFOPLIST_FILE = YES;
				IPHONEOS_DEPLOYMENT_TARGET = 18.4;
				MARKETING_VERSION = 1.0;
				PRODUCT_BUNDLE_IDENTIFIER = com.infobee.BunnyGameAppTests;
				PRODUCT_NAME = "$(TARGET_NAME)";
				SWIFT_EMIT_LOC_STRINGS = NO;
				SWIFT_VERSION = 5.0;
				TARGETED_DEVICE_FAMILY = "1,2";
				TEST_HOST = "$(BUILT_PRODUCTS_DIR)/BunnyGame.app/$(BUNDLE_EXECUTABLE_FOLDER_PATH)/BunnyGame";
			};
			name = Debug;
		};
		D86AE4112E03DAED001B6F11 /* Release */ = {
			isa = XCBuildConfiguration;
			buildSettings = {
				BUNDLE_LOADER = "$(TEST_HOST)";
				CODE_SIGN_STYLE = Automatic;
				CURRENT_PROJECT_VERSION = 1;
				DEVELOPMENT_TEAM = FVB483SFK8;
				GENERATE_INFOPLIST_FILE = YES;
				IPHONEOS_DEPLOYMENT_TARGET = 18.4;
				MARKETING_VERSION = 1.0;
				PRODUCT_BUNDLE_IDENTIFIER = com.infobee.BunnyGameAppTests;
				PRODUCT_NAME = "$(TARGET_NAME)";
				SWIFT_EMIT_LOC_STRINGS = NO;
				SWIFT_VERSION = 5.0;
				TARGETED_DEVICE_FAMILY = "1,2";
				TEST_HOST = "$(BUILT_PRODUCTS_DIR)/BunnyGame.app/$(BUNDLE_EXECUTABLE_FOLDER_PATH)/BunnyGame";
			};
			name = Release;
		};
		D86AE4132E03DAED001B6F11 /* Debug */ = {
			isa = XCBuildConfiguration;
			buildSettings = {
				CODE_SIGN_STYLE = Automatic;
				CURRENT_PROJECT_VERSION = 1;
				DEVELOPMENT_TEAM = FVB483SFK8;
				GENERATE_INFOPLIST_FILE = YES;
				MARKETING_VERSION = 1.0;
				PRODUCT_BUNDLE_IDENTIFIER = com.infobee.BunnyGameAppUITests;
				PRODUCT_NAME = "$(TARGET_NAME)";
				SWIFT_EMIT_LOC_STRINGS = NO;
				SWIFT_VERSION = 5.0;
				TARGETED_DEVICE_FAMILY = "1,2";
				TEST_TARGET_NAME = FruitGameApp;
			};
			name = Debug;
		};
		D86AE4142E03DAED001B6F11 /* Release */ = {
			isa = XCBuildConfiguration;
			buildSettings = {
				CODE_SIGN_STYLE = Automatic;
				CURRENT_PROJECT_VERSION = 1;
				DEVELOPMENT_TEAM = FVB483SFK8;
				GENERATE_INFOPLIST_FILE = YES;
				MARKETING_VERSION = 1.0;
				PRODUCT_BUNDLE_IDENTIFIER = com.infobee.BunnyGameAppUITests;
				PRODUCT_NAME = "$(TARGET_NAME)";
				SWIFT_EMIT_LOC_STRINGS = NO;
				SWIFT_VERSION = 5.0;
				TARGETED_DEVICE_FAMILY = "1,2";
				TEST_TARGET_NAME = FruitGameApp;
			};
			name = Release;
		};
/* End XCBuildConfiguration section */

/* Begin XCConfigurationList section */
		D86AE3E62E03DAEB001B6F11 /* Build configuration list for PBXProject "BunnyGame" */ = {
			isa = XCConfigurationList;
			buildConfigurations = (
				D86AE40A2E03DAED001B6F11 /* Debug */,
				D86AE40B2E03DAED001B6F11 /* Release */,
			);
			defaultConfigurationIsVisible = 0;
			defaultConfigurationName = Release;
		};
		D86AE40C2E03DAED001B6F11 /* Build configuration list for PBXNativeTarget "BunnyGame" */ = {
			isa = XCConfigurationList;
			buildConfigurations = (
				D86AE40D2E03DAED001B6F11 /* Debug */,
				D86AE40E2E03DAED001B6F11 /* Release */,
			);
			defaultConfigurationIsVisible = 0;
			defaultConfigurationName = Release;
		};
		D86AE40F2E03DAED001B6F11 /* Build configuration list for PBXNativeTarget "BunnyGameTests" */ = {
			isa = XCConfigurationList;
			buildConfigurations = (
				D86AE4102E03DAED001B6F11 /* Debug */,
				D86AE4112E03DAED001B6F11 /* Release */,
			);
			defaultConfigurationIsVisible = 0;
			defaultConfigurationName = Release;
		};
		D86AE4122E03DAED001B6F11 /* Build configuration list for PBXNativeTarget "BunnyGameUITests" */ = {
			isa = XCConfigurationList;
			buildConfigurations = (
				D86AE4132E03DAED001B6F11 /* Debug */,
				D86AE4142E03DAED001B6F11 /* Release */,
			);
			defaultConfigurationIsVisible = 0;
			defaultConfigurationName = Release;
		};
/* End XCConfigurationList section */
	};
	rootObject = D86AE3E32E03DAEB001B6F11 /* Project object */;
}
